
Microsoft Visual Studio Solution File, Format Version 12.00
# Visual Studio 14
VisualStudioVersion = 14.0.25420.1
MinimumVisualStudioVersion = 10.0.40219.1
Project("{FAE04EC0-301F-11D3-BF4B-00C04F79EFBC}") = "CRMSSIS.CRMConnectionManager", "CRMConnectionManager\CRMSSIS.CRMConnectionManager.csproj", "{D577BEBA-C789-41F3-B5CF-40F5D23B71F3}"
EndProject
Project("{FAE04EC0-301F-11D3-BF4B-00C04F79EFBC}") = "CRMSSIS.CRMSourceAdapter", "CRMSourceAdapter\CRMSSIS.CRMSourceAdapter.csproj", "{D30856F8-39E2-43F6-AFD1-DF1E02C33586}"
EndProject
Project("{FAE04EC0-301F-11D3-BF4B-00C04F79EFBC}") = "CRMSSIS.CRMDestinationAdapter", "CRMDestinationAdapter\CRMSSIS.CRMDestinationAdapter.csproj", "{8CAD1B3E-4ECE-4642-9ED8-7A0954E420FB}"
EndProject
Project("{FAE04EC0-301F-11D3-BF4B-00C04F79EFBC}") = "CRMSSIS.CRMCommon", "CRMSSIS.CRMCommon\CRMSSIS.CRMCommon.csproj", "{1F3E62E7-739D-45C6-B2AB-78E8CA7EFF32}"
EndProject
Project("{2150E333-8FDC-42A3-9474-1A3956D46DE8}") = "Solution Items", "Solution Items", "{16CAE9DB-C455-490B-8DF5-B0D76EE3B9B2}"
	ProjectSection(SolutionItems) = preProject
		..\Users\pjc33\Desktop\Registraciones.txt = ..\Users\pjc33\Desktop\Registraciones.txt
	EndProjectSection
EndProject
Project("{6141683F-8A12-4E36-9623-2EB02B2C2303}") = "SQL2016x64", "SQL2016x64\SQL2016x64.isproj", "{117E3A6E-570A-4166-8E99-EB68E235C02D}"
EndProject
Global
	GlobalSection(SolutionConfigurationPlatforms) = preSolution
		CD_ROM|Any CPU = CD_ROM|Any CPU
		Debug|Any CPU = Debug|Any CPU
		Development|Any CPU = Development|Any CPU
		DVD-5|Any CPU = DVD-5|Any CPU
		Release|Any CPU = Release|Any CPU
		SingleImage|Any CPU = SingleImage|Any CPU
	EndGlobalSection
	GlobalSection(ProjectConfigurationPlatforms) = postSolution
		{D577BEBA-C789-41F3-B5CF-40F5D23B71F3}.CD_ROM|Any CPU.ActiveCfg = Release|Any CPU
		{D577BEBA-C789-41F3-B5CF-40F5D23B71F3}.CD_ROM|Any CPU.Build.0 = Release|Any CPU
		{D577BEBA-C789-41F3-B5CF-40F5D23B71F3}.Debug|Any CPU.ActiveCfg = Debug|Any CPU
		{D577BEBA-C789-41F3-B5CF-40F5D23B71F3}.Debug|Any CPU.Build.0 = Debug|Any CPU
		{D577BEBA-C789-41F3-B5CF-40F5D23B71F3}.Development|Any CPU.ActiveCfg = Debug|Any CPU
		{D577BEBA-C789-41F3-B5CF-40F5D23B71F3}.Development|Any CPU.Build.0 = Debug|Any CPU
		{D577BEBA-C789-41F3-B5CF-40F5D23B71F3}.DVD-5|Any CPU.ActiveCfg = Debug|Any CPU
		{D577BEBA-C789-41F3-B5CF-40F5D23B71F3}.DVD-5|Any CPU.Build.0 = Debug|Any CPU
		{D577BEBA-C789-41F3-B5CF-40F5D23B71F3}.Release|Any CPU.ActiveCfg = Release|Any CPU
		{D577BEBA-C789-41F3-B5CF-40F5D23B71F3}.Release|Any CPU.Build.0 = Release|Any CPU
		{D577BEBA-C789-41F3-B5CF-40F5D23B71F3}.SingleImage|Any CPU.ActiveCfg = Release|Any CPU
		{D577BEBA-C789-41F3-B5CF-40F5D23B71F3}.SingleImage|Any CPU.Build.0 = Release|Any CPU
		{D30856F8-39E2-43F6-AFD1-DF1E02C33586}.CD_ROM|Any CPU.ActiveCfg = Release|Any CPU
		{D30856F8-39E2-43F6-AFD1-DF1E02C33586}.CD_ROM|Any CPU.Build.0 = Release|Any CPU
		{D30856F8-39E2-43F6-AFD1-DF1E02C33586}.Debug|Any CPU.ActiveCfg = Debug|Any CPU
		{D30856F8-39E2-43F6-AFD1-DF1E02C33586}.Debug|Any CPU.Build.0 = Debug|Any CPU
		{D30856F8-39E2-43F6-AFD1-DF1E02C33586}.Development|Any CPU.ActiveCfg = Debug|Any CPU
		{D30856F8-39E2-43F6-AFD1-DF1E02C33586}.Development|Any CPU.Build.0 = Debug|Any CPU
		{D30856F8-39E2-43F6-AFD1-DF1E02C33586}.DVD-5|Any CPU.ActiveCfg = Debug|Any CPU
		{D30856F8-39E2-43F6-AFD1-DF1E02C33586}.DVD-5|Any CPU.Build.0 = Debug|Any CPU
		{D30856F8-39E2-43F6-AFD1-DF1E02C33586}.Release|Any CPU.ActiveCfg = Release|Any CPU
		{D30856F8-39E2-43F6-AFD1-DF1E02C33586}.Release|Any CPU.Build.0 = Release|Any CPU
		{D30856F8-39E2-43F6-AFD1-DF1E02C33586}.SingleImage|Any CPU.ActiveCfg = Release|Any CPU
		{D30856F8-39E2-43F6-AFD1-DF1E02C33586}.SingleImage|Any CPU.Build.0 = Release|Any CPU
		{8CAD1B3E-4ECE-4642-9ED8-7A0954E420FB}.CD_ROM|Any CPU.ActiveCfg = Release|Any CPU
		{8CAD1B3E-4ECE-4642-9ED8-7A0954E420FB}.CD_ROM|Any CPU.Build.0 = Release|Any CPU
		{8CAD1B3E-4ECE-4642-9ED8-7A0954E420FB}.Debug|Any CPU.ActiveCfg = Debug|Any CPU
		{8CAD1B3E-4ECE-4642-9ED8-7A0954E420FB}.Debug|Any CPU.Build.0 = Debug|Any CPU
		{8CAD1B3E-4ECE-4642-9ED8-7A0954E420FB}.Development|Any CPU.ActiveCfg = Debug|Any CPU
		{8CAD1B3E-4ECE-4642-9ED8-7A0954E420FB}.Development|Any CPU.Build.0 = Debug|Any CPU
		{8CAD1B3E-4ECE-4642-9ED8-7A0954E420FB}.DVD-5|Any CPU.ActiveCfg = Debug|Any CPU
		{8CAD1B3E-4ECE-4642-9ED8-7A0954E420FB}.DVD-5|Any CPU.Build.0 = Debug|Any CPU
		{8CAD1B3E-4ECE-4642-9ED8-7A0954E420FB}.Release|Any CPU.ActiveCfg = Release|Any CPU
		{8CAD1B3E-4ECE-4642-9ED8-7A0954E420FB}.Release|Any CPU.Build.0 = Release|Any CPU
		{8CAD1B3E-4ECE-4642-9ED8-7A0954E420FB}.SingleImage|Any CPU.ActiveCfg = Release|Any CPU
		{8CAD1B3E-4ECE-4642-9ED8-7A0954E420FB}.SingleImage|Any CPU.Build.0 = Release|Any CPU
		{1F3E62E7-739D-45C6-B2AB-78E8CA7EFF32}.CD_ROM|Any CPU.ActiveCfg = Release|Any CPU
		{1F3E62E7-739D-45C6-B2AB-78E8CA7EFF32}.CD_ROM|Any CPU.Build.0 = Release|Any CPU
		{1F3E62E7-739D-45C6-B2AB-78E8CA7EFF32}.Debug|Any CPU.ActiveCfg = Debug|Any CPU
		{1F3E62E7-739D-45C6-B2AB-78E8CA7EFF32}.Debug|Any CPU.Build.0 = Debug|Any CPU
		{1F3E62E7-739D-45C6-B2AB-78E8CA7EFF32}.Development|Any CPU.ActiveCfg = Debug|Any CPU
		{1F3E62E7-739D-45C6-B2AB-78E8CA7EFF32}.Development|Any CPU.Build.0 = Debug|Any CPU
		{1F3E62E7-739D-45C6-B2AB-78E8CA7EFF32}.DVD-5|Any CPU.ActiveCfg = Debug|Any CPU
		{1F3E62E7-739D-45C6-B2AB-78E8CA7EFF32}.DVD-5|Any CPU.Build.0 = Debug|Any CPU
		{1F3E62E7-739D-45C6-B2AB-78E8CA7EFF32}.Release|Any CPU.ActiveCfg = Release|Any CPU
		{1F3E62E7-739D-45C6-B2AB-78E8CA7EFF32}.Release|Any CPU.Build.0 = Release|Any CPU
		{1F3E62E7-739D-45C6-B2AB-78E8CA7EFF32}.SingleImage|Any CPU.ActiveCfg = Release|Any CPU
		{1F3E62E7-739D-45C6-B2AB-78E8CA7EFF32}.SingleImage|Any CPU.Build.0 = Release|Any CPU
		{117E3A6E-570A-4166-8E99-EB68E235C02D}.CD_ROM|Any CPU.ActiveCfg = CD_ROM
		{117E3A6E-570A-4166-8E99-EB68E235C02D}.CD_ROM|Any CPU.Build.0 = CD_ROM
		{117E3A6E-570A-4166-8E99-EB68E235C02D}.Debug|Any CPU.ActiveCfg = DVD-5
		{117E3A6E-570A-4166-8E99-EB68E235C02D}.Debug|Any CPU.Build.0 = DVD-5
		{117E3A6E-570A-4166-8E99-EB68E235C02D}.Development|Any CPU.ActiveCfg = DVD-5
		{117E3A6E-570A-4166-8E99-EB68E235C02D}.Development|Any CPU.Build.0 = DVD-5
		{117E3A6E-570A-4166-8E99-EB68E235C02D}.DVD-5|Any CPU.ActiveCfg = DVD-5
		{117E3A6E-570A-4166-8E99-EB68E235C02D}.DVD-5|Any CPU.Build.0 = DVD-5
		{117E3A6E-570A-4166-8E99-EB68E235C02D}.Release|Any CPU.ActiveCfg = SingleImage
		{117E3A6E-570A-4166-8E99-EB68E235C02D}.Release|Any CPU.Build.0 = SingleImage
		{117E3A6E-570A-4166-8E99-EB68E235C02D}.SingleImage|Any CPU.ActiveCfg = SingleImage
		{117E3A6E-570A-4166-8E99-EB68E235C02D}.SingleImage|Any CPU.Build.0 = SingleImage
	EndGlobalSection
	GlobalSection(SolutionProperties) = preSolution
		HideSolutionNode = FALSE
	EndGlobalSection
	GlobalSection(ExtensibilityGlobals) = postSolution
		SolutionGuid = {1AD09770-B45B-472C-84B4-A88720B35618}
	EndGlobalSection
EndGlobal
